# THIS IS AN AUTOGENERATED FILE. DO NOT EDIT THIS FILE DIRECTLY.
assets/bianca-white-(130).png:
  development: 2018-07-19T13:34:18-04:00
assets/bianca-white-130.png:
  development: 2018-07-19T13:34:18-04:00   c6bbb8aa13d70bfa4a5a4f97352ff9c9
assets/black-cherry-espresso-taupe-607.png:
  development: 2018-07-19T13:34:19-04:00   a37b03d6031bb9cc42949f65b5df5060
assets/cart-popup.css:
  development: 2018-07-19T13:44:03-04:00   b5f2d2a5ec703230de2efe7633629a14
assets/cawheretobuy.css:
  development: 2018-07-19T13:34:19-04:00   4907bd4c855d471dcb798a62c2849182
assets/collection.css:
  development: 2018-07-19T13:34:19-04:00   820e9333f8c06870a031cd120beb0d30
assets/collection.js:
  development: 2018-07-19T13:34:19-04:00   c3e3ec85d9059bae17180362ddc74421
assets/dark-chocolate-(207).png:
  development: 2018-07-19T13:34:19-04:00
assets/dark-chocolate-207.png:
  development: 2018-07-19T13:34:19-04:00   dd5d345d7c43ae84ee7302435d36b20d
assets/footer.css:
  development: 2018-07-30T16:52:43-04:00   e4246f991ea76e2fb33778326e4562bf
assets/grey-(026).png:
  development: 2018-07-19T13:34:20-04:00
assets/grey-026.png:
  development: 2018-07-19T13:34:20-04:00   175016621af973f27522b7274eb54c7b
assets/home.css:
  development: 2018-07-26T12:24:07-04:00   df18a75c20960af75b4f864624647569
assets/home.js:
  development: 2018-07-26T15:14:52-04:00   7e09ee9f2e672e254b6dec07a0404ec5
assets/icomoon.eot:
  development: 2018-07-19T13:34:20-04:00   8611a34adadfd64842ac10137b219909
assets/icomoon.ttf:
  development: 2018-07-19T13:34:20-04:00   f2d275a57ae2df48514294f6e7f740fe
assets/icomoon.woff:
  development: 2018-07-19T13:34:21-04:00   e14a5fdaa9345bbc6a902ca2c4760b72
assets/icomoon.woff2:
  development: 2018-07-19T13:34:21-04:00   3f5fde210a45b39de56772e6904709d3
assets/iframeResizer.min.js:
  development: 2018-07-19T13:34:21-04:00   d75f9c117dc22f8a870925f1f121f0ce
assets/jsmodal.css:
  development: 2018-07-19T13:34:21-04:00   1aa9e8b7b56cef3fefe1d7ccd44bb628
assets/lazysizes.min.js:
  development: 2018-07-19T13:34:21-04:00   0742614dd05c43ab46792e5bb7a8b765
assets/libs.js:
  development: 2018-07-19T13:34:22-04:00   8db136818d4843cead6f52b79ac95b7c
assets/mag_popup.css:
  development: 2018-07-19T13:34:22-04:00   1e80b627f6e1d2534e511c7244f03deb
assets/mag_popup.js:
  development: 2018-07-19T13:34:22-04:00   72ef33db997ed60b077d2b175a9448a0
assets/modernizr.min.js:
  development: 2018-07-19T13:34:22-04:00   45d421a3aa3ee66c6306fe91d992bb46
assets/password-page-background.jpg:
  development: 2018-07-19T13:34:23-04:00   9d774ca21e919afe239de7df6db37c3b
assets/product.css:
  development: 2018-07-19T13:34:23-04:00   f6ad662ed3071e4508c56f3ec8b7d4d0
assets/product.js:
  development: 2018-07-19T13:34:23-04:00   3d56381ae6f301a57ee1166d20fd3198
assets/script.js.liquid:
  development: 2018-07-19T13:34:23-04:00   7360ddb23c95c8b2d22e4ec44049dcbf
assets/superfields_definitions.json:
  development: 2018-07-19T13:34:23-04:00   be1a459e7dd646ad0af6c1b37ec3fbb7
assets/theme.scss.liquid:
  development: 2018-07-30T16:13:13-04:00   2b11babf0888f94e3156dab39770e3df
assets/variantSkuInfo.js:
  development: 2018-07-19T13:34:24-04:00   41e5cfcacef99e6bd20952be5c54be2b
config/settings_data.json:
  development: 2018-07-19T13:34:28-04:00   8e03e0c3c84a09265bc88960ff9fb6bb
config/settings_schema.json:
  development: 2018-07-19T13:34:27-04:00   6a8edc1a6f42e94e62fb9b36c9b4198e
layout/minimal.liquid:
  development: 2018-07-19T13:34:24-04:00   38a4856746ba7d55dba0d43d218c4fdc
layout/theme.liquid:
  development: 2018-07-27T17:59:12-04:00   578827cfcc27f7e1b78c05c921ca4fbc
locales/en.default.json:
  development: 2018-07-19T13:34:24-04:00   2750fb69cb0220c43e694519e7267eb5
locales/fr.json:
  development: 2018-07-19T13:34:24-04:00   ed09b76e3023ebd24839a7e7e03ae4ea
sections/article-template.liquid:
  development: 2018-07-19T13:34:16-04:00   ced575146a81960656dc3b5b5d1acfe9
sections/blog-template.liquid:
  development: 2018-07-19T13:34:16-04:00   531414731f2fab8cde066acd566d8620
sections/cart-recommended-products.liquid:
  development: 2018-07-19T13:34:16-04:00   2b254dc887fc99c782cd603c34dc23f0
sections/cart-template.liquid:
  development: 2018-07-19T13:34:16-04:00   714d81c1fdc37b6a974c82467caaf614
sections/collection-list.liquid:
  development: 2018-07-19T13:34:17-04:00   464fadd92c7a7c4e31ea155d0da1f9b6
sections/collection-template.liquid:
  development: 2018-07-19T13:34:17-04:00   7a4c093e25d4cef1deaac28c03fa5860
sections/custom-html.liquid:
  development: 2018-07-19T13:34:17-04:00   037c975a962425380aff89c59be934da
sections/featured-article.liquid:
  development: 2018-07-24T17:54:59-04:00   e7237d25a1b1b8b20b30c1c1c1a92b36
sections/featured-collection.liquid:
  development: 2018-07-19T13:34:17-04:00   5c2c7c5dfab57669636d56f19e539f70
sections/featured-product.liquid:
  development: 2018-07-19T13:34:17-04:00   e1e527b0ffbc60c0d51b9ae66450e41d
sections/featured-video.liquid:
  development: 2018-07-19T13:34:17-04:00   0497ac873e6982a046a4583e32dc6816
sections/footer.liquid:
  development: 2018-07-30T16:54:14-04:00   99444325c463b30a2bb93edc511e4ab7
sections/header.liquid:
  development: 2018-07-27T12:24:50-04:00   87c1469245d48a669044c3456a8d823a
sections/home-slideshow.liquid:
  development: 2018-07-26T12:24:08-04:00   cb38aa0005d0b330054f5b9d2c624b5d
sections/image-with-text-overlay.liquid:
  development: 2018-07-19T13:34:17-04:00   d22241af55ac76b775a390542479373b
sections/instagram-feed.liquid:
  development: 2018-07-19T13:34:17-04:00   567f379cbfaf50abea447b83bc57c63b
sections/list-collections-template.liquid:
  development: 2018-07-19T13:34:17-04:00   85730e151549c685c9be36cdb2eb72d3
sections/map.liquid:
  development: 2018-07-19T13:34:17-04:00   92cad884ce772ea7c82911f47d40569e
sections/newsletter.liquid:
  development: 2018-07-30T12:26:15-04:00   0bd86470213c37b069ecefd4c39289d6
sections/page-faq-template.liquid:
  development: 2018-07-19T13:34:17-04:00   c6105f1977df7b4e1c4dd71e94edc273
sections/password-template.liquid:
  development: 2018-07-19T13:34:18-04:00   063e9b6171fb4a91fc3a8a48c213b71e
sections/popup.liquid:
  development: 2018-07-19T13:34:18-04:00   63e6ca7ead9b3a60ff697ff1b21101c4
sections/product-features.liquid:
  development: 2018-07-19T13:34:18-04:00   a90449cfe403943af3c131842a3e6c88
sections/product-template.liquid:
  development: 2018-07-19T13:34:18-04:00   81cda303f4d9813dc5322d8372f2ae39
sections/related-products.liquid:
  development: 2018-07-19T13:34:18-04:00   0d8387308b3eecaf56921177e97e1884
sections/rich-text.liquid:
  development: 2018-07-19T13:34:18-04:00   ce89f75d2a54b96504349ee62267efc1
sections/search-template.liquid:
  development: 2018-07-19T13:34:18-04:00   d9f33d74266f0336bb6b9d4a2bde9cf2
sections/testimonials.liquid:
  development: 2018-07-19T13:34:18-04:00   9ad07033b642c3a585938aa44c498bcf
sections/text-with-optional-image.liquid:
  development: 2018-07-19T13:34:18-04:00   9c357694728a1d41a958391896acfdda
snippets/branding.liquid:
  development: 2018-07-24T18:02:41-04:00   47b406322658b0c4642f4f8574dd748f
snippets/bundle-links.liquid:
  development: 2018-07-19T13:34:24-04:00   18b0e7a8c845943022883714d5a3ff3c
snippets/collection-filter.liquid:
  development: 2018-07-19T13:34:24-04:00
snippets/collection-filters.liquid:
  development: 2018-07-19T13:34:24-04:00   9c09c06619858e19fc9a27e14f0a210e
snippets/collection-item.liquid:
  development: 2018-07-19T13:34:24-04:00   d306029218f5a37bfe86881969d49782
snippets/currency-selector.liquid:
  development: 2018-07-19T13:34:24-04:00   54a1e591c57af78fb514087231ee20e6
snippets/form-errors.liquid:
  development: 2018-07-19T13:34:25-04:00   517f9f4cb97dfc183b1d5ec59afc8688
snippets/google-fonts.liquid:
  development: 2018-07-19T13:34:25-04:00   853bf09e38679a1dc11db55090e83e8d
snippets/header-actions.liquid:
  development: 2018-07-30T13:10:30-04:00   2733cf121ca580969ab0aea79f98b24c
snippets/header-desktop-nav.liquid:
  development: 2018-07-27T13:48:41-04:00   05206cd18ba349f3168954285e928fe2
snippets/header-mini-cart.liquid:
  development: 2018-07-19T13:34:25-04:00   bb04883bba90cf858a0a330a8debdbe3
snippets/header-search.liquid:
  development: 2018-07-19T13:34:25-04:00   6ea124133fcd97909f3f6bd1de9afc3c
snippets/header-sidebar-nav.liquid:
  development: 2018-07-19T13:34:25-04:00   4714d86851d1bd7d75c9bcf541e35a8a
snippets/home-v1.liquid:
  development: 2018-07-19T13:34:25-04:00   98cdaae7582a61f5cfeace75abd0dccf
snippets/icon.liquid:
  development: 2018-07-19T13:34:25-04:00   882f7748a32ac8eba45a4e7d9e7090aa
snippets/image-size.liquid:
  development: 2018-07-19T13:34:25-04:00   865e83f9b94888e2154848f35665f181
snippets/microdata-schema.liquid:
  development: 2018-07-19T13:34:25-04:00   dee15b0d383ec860e2ef556bbb69ae2d
snippets/mobileHeader.liquid:
  development: 2018-07-20T15:32:54-04:00
snippets/nav-collection.liquid:
  development: 2018-07-19T13:34:25-04:00   4c6e72952a75d50eebaa17a6f277a77b
snippets/nav-structure.liquid:
  development: 2018-07-20T15:35:43-04:00   fe99fd831652edda229a6ad411c11460
snippets/pagination.liquid:
  development: 2018-07-19T13:34:25-04:00   ee6a54b7218e5e5264c90ce7a1419401
snippets/path-footer.liquid:
  development: 2018-07-27T17:26:47-04:00   08f6298ca83079904fec84657033fcfb
snippets/product-form.liquid:
  development: 2018-07-19T13:34:25-04:00   bc1c8b5ad848dfa706c6a475423fa9a3
snippets/product-info.liquid:
  development: 2018-07-19T13:34:25-04:00   13140573b2805d03dd902887f87ce10a
snippets/product-item.liquid:
  development: 2018-07-19T13:34:25-04:00   b663c57155afda271106e3f787583630
snippets/product-meta.liquid:
  development: 2018-07-19T13:34:25-04:00   38353fa684da05365d443f2ac427a4d1
snippets/product-tabs.liquid:
  development: 2018-07-19T13:34:25-04:00   0d7be8c58207e9584155cc2ba4dfc37e
snippets/seo-collections.liquid:
  development: 2018-07-19T13:34:25-04:00   ecdef3dfdf519cf08af0bc6e98ddb5d4
snippets/share-buttons.liquid:
  development: 2018-07-19T13:34:26-04:00   a3ad0b7d7cf5c61a9830aaaeb2ac696f
snippets/shipping-estimator.liquid:
  development: 2018-07-19T13:34:26-04:00   a7866ab3dd10c37e142c3e7ff74ce2e7
snippets/social-media.liquid:
  development: 2018-07-19T13:34:26-04:00   71c620e508d870bb61cf73f8f45c1afd
snippets/social-meta-tags.liquid:
  development: 2018-07-19T13:34:26-04:00   1adc05d7ae2072095d865a8496a0fd2d
snippets/svg-icons.liquid:
  development: 2018-07-19T13:34:26-04:00   f82461704bdb72196212576fff063e68
snippets/variant-option-properties.liquid:
  development: 2018-07-19T13:34:26-04:00   af390ba96cd24887400a7eb0701ae892
snippets/wtb-modal.liquid:
  development: 2018-07-19T13:34:26-04:00   6e8ee8f04601b0f2027f5fdb2dc17a54
templates/404.liquid:
  development: 2018-07-19T13:34:26-04:00   e937cc6a981bd90f3c219489c7becb7c
templates/article.liquid:
  development: 2018-07-19T13:34:26-04:00   f2d8970d80f929f833c6ac18ab19462e
templates/blog.liquid:
  development: 2018-07-19T13:34:26-04:00   d83cc3686f59028de70157c3babfbad1
templates/cart.liquid:
  development: 2018-07-19T13:34:26-04:00   6afe38809d861f7083fbaa61667c4eeb
templates/cart.mini-cart.liquid:
  development: 2018-07-19T13:34:26-04:00   58536b1046229725b3ec330989d0de79
templates/collection.liquid:
  development: 2018-07-19T13:34:26-04:00   a9dc33a7b955e471996965f0ddd41b2e
templates/customers/account.liquid:
  development: 2018-07-19T14:40:44-04:00   45893842e1fb7c545212fe88324db094
templates/customers/activate_account.liquid:
  development: 2018-07-19T13:34:26-04:00   c95b2cf889eb203e6efc9f0166592ee5
templates/customers/addresses.liquid:
  development: 2018-07-19T13:34:26-04:00   28baf99345a3d166edb208b0defe432d
templates/customers/login.liquid:
  development: 2018-07-19T13:34:26-04:00   fefea4705163914d6067107b3bcb6618
templates/customers/order.liquid:
  development: 2018-07-19T13:34:26-04:00   8c4e8fac38d62c6a4022e5c0e6c09ca5
templates/customers/register.liquid:
  development: 2018-07-19T13:34:26-04:00   c2f568d32930fc41b41211e9b9d7d2f7
templates/customers/reset_password.liquid:
  development: 2018-07-19T13:34:27-04:00   5c6b7a51053f0d59f32e8ec5c52f735b
templates/gift_card.liquid:
  development: 2018-07-19T13:34:27-04:00   b8c09431bc1bb02f59187092d367fbf9
templates/index.liquid:
  development: 2018-07-19T13:34:27-04:00   63188d538786a05eeab38608ee4ac1db
templates/list-collections.liquid:
  development: 2018-07-19T13:34:27-04:00   7c9b54020705d65d4949bc8c93676576
templates/page.collections.liquid:
  development: 2018-07-19T13:34:27-04:00   de39fde9e66458bc57d6f988c805b812
templates/page.contact.liquid:
  development: 2018-07-19T13:34:27-04:00   dc3e138310b4d06107e18c821479ed02
templates/page.faq.liquid:
  development: 2018-07-19T13:34:27-04:00   7e05442097da7d6227a697adc826d0ee
templates/page.liquid:
  development: 2018-07-19T13:34:27-04:00   e4218b53d269926b7ec1b553fcb4506d
templates/page.wide.liquid:
  development: 2018-07-19T13:34:27-04:00   cebcb95feea58e7354eb08bf0791e818
templates/password.liquid:
  development: 2018-07-19T13:34:27-04:00   dc7abee9805294fb52f95c52a3d61896
templates/product.liquid:
  development: 2018-07-19T13:34:27-04:00   c1d7d73df572770c2f138b1f1a2dddff
templates/product.pre-order.liquid:
  development: 2018-07-19T13:34:27-04:00   c1d7d73df572770c2f138b1f1a2dddff
templates/search.json.liquid:
  development: 2018-07-19T13:34:27-04:00   7bef300076d4ccba8c35ff27f74e38af
templates/search.liquid:
  development: 2018-07-19T13:34:27-04:00   b9c2a18a9e065d672a760ef44459f6e7
